
Microsoft Visual Studio Solution File, Format Version 12.00
# Visual Studio 15
VisualStudioVersion = 15.0.26730.10
MinimumVisualStudioVersion = 10.0.40219.1
Project("{2150E333-8FDC-42A3-9474-1A3956D46DE8}") = "SolutionItems", "SolutionItems", "{6DC390AF-9ACA-415F-AD84-2C83ACCC026B}"
EndProject
Project("{2150E333-8FDC-42A3-9474-1A3956D46DE8}") = "Core", "Core", "{438B970D-B358-4808-B300-06E751728CDA}"
EndProject
Project("{FAE04EC0-301F-11D3-BF4B-00C04F79EFBC}") = "ExistAll.Shepherd.Core", "ExistAll.Shepherd.Core\ExistAll.Shepherd.Core.csproj", "{3B7A0B26-441C-468E-A80C-EBBD3BE1F298}"
EndProject
Global
	GlobalSection(SolutionConfigurationPlatforms) = preSolution
		Debug|Any CPU = Debug|Any CPU
		Release|Any CPU = Release|Any CPU
	EndGlobalSection
	GlobalSection(ProjectConfigurationPlatforms) = postSolution
		{3B7A0B26-441C-468E-A80C-EBBD3BE1F298}.Debug|Any CPU.ActiveCfg = Debug|Any CPU
		{3B7A0B26-441C-468E-A80C-EBBD3BE1F298}.Debug|Any CPU.Build.0 = Debug|Any CPU
		{3B7A0B26-441C-468E-A80C-EBBD3BE1F298}.Release|Any CPU.ActiveCfg = Release|Any CPU
		{3B7A0B26-441C-468E-A80C-EBBD3BE1F298}.Release|Any CPU.Build.0 = Release|Any CPU
	EndGlobalSection
	GlobalSection(SolutionProperties) = preSolution
		HideSolutionNode = FALSE
	EndGlobalSection
	GlobalSection(NestedProjects) = preSolution
		{3B7A0B26-441C-468E-A80C-EBBD3BE1F298} = {438B970D-B358-4808-B300-06E751728CDA}
	EndGlobalSection
	GlobalSection(ExtensibilityGlobals) = postSolution
		SolutionGuid = {8616ED98-2EF3-4147-8359-D19461B35672}
	EndGlobalSection
EndGlobal
