
Microsoft Visual Studio Solution File, Format Version 12.00
# Visual Studio 15
VisualStudioVersion = 15.0.27004.2005
MinimumVisualStudioVersion = 10.0.40219.1
Project("{2150E333-8FDC-42A3-9474-1A3956D46DE8}") = "SolutionItems", "SolutionItems", "{6DC390AF-9ACA-415F-AD84-2C83ACCC026B}"
EndProject
Project("{2150E333-8FDC-42A3-9474-1A3956D46DE8}") = "Core", "Core", "{438B970D-B358-4808-B300-06E751728CDA}"
EndProject
Project("{2150E333-8FDC-42A3-9474-1A3956D46DE8}") = "Tests", "Tests", "{A0EB46E4-DBE5-47F8-BFB7-6AACB3AD88B4}"
EndProject
Project("{9A19103F-16F7-4668-BE54-9A1E7A4F7556}") = "ExistsForAll.Shepherd.SimpleInjector", "Core\ExistsForAll.Shepherd.SimpleInjector\ExistsForAll.Shepherd.SimpleInjector.csproj", "{7FDD35E7-388E-4AF3-80E3-E8D283845788}"
EndProject
Project("{9A19103F-16F7-4668-BE54-9A1E7A4F7556}") = "ExistsForAll.Shepherd.SimpleInjector.UnitTests", "tests\ExistsForAll.Shepherd.SimpleInjector.UnitTests\ExistsForAll.Shepherd.SimpleInjector.UnitTests.csproj", "{162CDC5B-5589-4ABC-8AA4-26ABBF25C47C}"
EndProject
Project("{9A19103F-16F7-4668-BE54-9A1E7A4F7556}") = "ExistsForAll.Shepherd.SimpleInjector.Experimental", "Core\ExistsForAll.Shepherd.SimpleInjector.Experimental\ExistsForAll.Shepherd.SimpleInjector.Experimental.csproj", "{0FB4E194-7E31-4A12-9D25-DC063E8C85C7}"
EndProject
Global
	GlobalSection(SolutionConfigurationPlatforms) = preSolution
		Debug|Any CPU = Debug|Any CPU
		Release|Any CPU = Release|Any CPU
	EndGlobalSection
	GlobalSection(ProjectConfigurationPlatforms) = postSolution
		{7FDD35E7-388E-4AF3-80E3-E8D283845788}.Debug|Any CPU.ActiveCfg = Debug|Any CPU
		{7FDD35E7-388E-4AF3-80E3-E8D283845788}.Debug|Any CPU.Build.0 = Debug|Any CPU
		{7FDD35E7-388E-4AF3-80E3-E8D283845788}.Release|Any CPU.ActiveCfg = Release|Any CPU
		{7FDD35E7-388E-4AF3-80E3-E8D283845788}.Release|Any CPU.Build.0 = Release|Any CPU
		{162CDC5B-5589-4ABC-8AA4-26ABBF25C47C}.Debug|Any CPU.ActiveCfg = Debug|Any CPU
		{162CDC5B-5589-4ABC-8AA4-26ABBF25C47C}.Debug|Any CPU.Build.0 = Debug|Any CPU
		{162CDC5B-5589-4ABC-8AA4-26ABBF25C47C}.Release|Any CPU.ActiveCfg = Release|Any CPU
		{162CDC5B-5589-4ABC-8AA4-26ABBF25C47C}.Release|Any CPU.Build.0 = Release|Any CPU
		{0FB4E194-7E31-4A12-9D25-DC063E8C85C7}.Debug|Any CPU.ActiveCfg = Debug|Any CPU
		{0FB4E194-7E31-4A12-9D25-DC063E8C85C7}.Debug|Any CPU.Build.0 = Debug|Any CPU
		{0FB4E194-7E31-4A12-9D25-DC063E8C85C7}.Release|Any CPU.ActiveCfg = Release|Any CPU
		{0FB4E194-7E31-4A12-9D25-DC063E8C85C7}.Release|Any CPU.Build.0 = Release|Any CPU
	EndGlobalSection
	GlobalSection(SolutionProperties) = preSolution
		HideSolutionNode = FALSE
	EndGlobalSection
	GlobalSection(NestedProjects) = preSolution
		{7FDD35E7-388E-4AF3-80E3-E8D283845788} = {438B970D-B358-4808-B300-06E751728CDA}
		{162CDC5B-5589-4ABC-8AA4-26ABBF25C47C} = {A0EB46E4-DBE5-47F8-BFB7-6AACB3AD88B4}
		{0FB4E194-7E31-4A12-9D25-DC063E8C85C7} = {438B970D-B358-4808-B300-06E751728CDA}
	EndGlobalSection
	GlobalSection(ExtensibilityGlobals) = postSolution
		SolutionGuid = {8616ED98-2EF3-4147-8359-D19461B35672}
	EndGlobalSection
EndGlobal
